// !$*UTF8*$!
{
	archiveVersion = 1;
	classes = {
	};
	objectVersion = 48;
	objects = {

/* Begin PBXBuildFile section */
		0701F3BD2145FF7000A73A77 /* ChatSelectedViewController.swift in Sources */ = {isa = PBXBuildFile; fileRef = 0701F3BC2145FF7000A73A77 /* ChatSelectedViewController.swift */; };
		0701F3BF2146087E00A73A77 /* ChatMessageCollectionViewCell.swift in Sources */ = {isa = PBXBuildFile; fileRef = 0701F3BE2146087E00A73A77 /* ChatMessageCollectionViewCell.swift */; };
		070927F8205C7046005B0EAF /* FindGamerViewController.swift in Sources */ = {isa = PBXBuildFile; fileRef = 070927F7205C7046005B0EAF /* FindGamerViewController.swift */; };
		070927FA20608CDF005B0EAF /* VideoGame.swift in Sources */ = {isa = PBXBuildFile; fileRef = 070927F920608CDF005B0EAF /* VideoGame.swift */; };
		070927FC20619FC5005B0EAF /* VideoGameRole.swift in Sources */ = {isa = PBXBuildFile; fileRef = 070927FB20619FC5005B0EAF /* VideoGameRole.swift */; };
		071A7A132148717500099BCA /* UserCacheInfo.swift in Sources */ = {isa = PBXBuildFile; fileRef = 071A7A122148717500099BCA /* UserCacheInfo.swift */; };
		071A7A152148C29B00099BCA /* AllExtensions.swift in Sources */ = {isa = PBXBuildFile; fileRef = 071A7A142148C29B00099BCA /* AllExtensions.swift */; };
		071A9ABE214A1C9200211E48 /* FindGamerResultsViewController.swift in Sources */ = {isa = PBXBuildFile; fileRef = 071A9ABD214A1C9200211E48 /* FindGamerResultsViewController.swift */; };
		071BC836214E0E4500621899 /* FriendCollectionViewCell.swift in Sources */ = {isa = PBXBuildFile; fileRef = 071BC835214E0E4500621899 /* FriendCollectionViewCell.swift */; };
		071BC838214E108000621899 /* FriendsViewController.swift in Sources */ = {isa = PBXBuildFile; fileRef = 071BC837214E108000621899 /* FriendsViewController.swift */; };
		071E900F214EB026005ED404 /* FriendCollectionViewHeader.xib in Resources */ = {isa = PBXBuildFile; fileRef = 071E900E214EB026005ED404 /* FriendCollectionViewHeader.xib */; };
		071E9011214EB04B005ED404 /* FriendCollectionViewHeader.swift in Sources */ = {isa = PBXBuildFile; fileRef = 071E9010214EB04B005ED404 /* FriendCollectionViewHeader.swift */; };
		071E901321500145005ED404 /* CreateNewChatViewController.swift in Sources */ = {isa = PBXBuildFile; fileRef = 071E901221500145005ED404 /* CreateNewChatViewController.swift */; };
		071E90152150255E005ED404 /* UserTableViewCell.swift in Sources */ = {isa = PBXBuildFile; fileRef = 071E90142150255E005ED404 /* UserTableViewCell.swift */; };
		071E901721502571005ED404 /* UserTableViewCell.xib in Resources */ = {isa = PBXBuildFile; fileRef = 071E901621502571005ED404 /* UserTableViewCell.xib */; };
		071EB7072152F8A100688D32 /* DisplayChatMetaDataViewController.swift in Sources */ = {isa = PBXBuildFile; fileRef = 071EB7062152F8A100688D32 /* DisplayChatMetaDataViewController.swift */; };
		071EB70921531C5A00688D32 /* CamaraHandler.swift in Sources */ = {isa = PBXBuildFile; fileRef = 071EB70821531C5A00688D32 /* CamaraHandler.swift */; };
		071ED11F215AA7F6007B805B /* FriendRequest.swift in Sources */ = {isa = PBXBuildFile; fileRef = 071ED11E215AA7F6007B805B /* FriendRequest.swift */; };
		071ED121215C6970007B805B /* GamerProfileViewController.swift in Sources */ = {isa = PBXBuildFile; fileRef = 071ED120215C6970007B805B /* GamerProfileViewController.swift */; };
		071EE7AA21559D26006A6401 /* VideoGameSelected.swift in Sources */ = {isa = PBXBuildFile; fileRef = 071EE7A921559D26006A6401 /* VideoGameSelected.swift */; };
		071EE7B22155C2A9006A6401 /* VideoGameRepo.swift in Sources */ = {isa = PBXBuildFile; fileRef = 071EE7B12155C2A9006A6401 /* VideoGameRepo.swift */; };
		071EE7B4215709A6006A6401 /* GameAndConsoleSelectionViewController.swift in Sources */ = {isa = PBXBuildFile; fileRef = 071EE7B3215709A6006A6401 /* GameAndConsoleSelectionViewController.swift */; };
		0721329821477B8600D491CD /* comic_sans_ms.ttf in Resources */ = {isa = PBXBuildFile; fileRef = 0721329721477B8200D491CD /* comic_sans_ms.ttf */; };
		0721329A21477C9600D491CD /* comic_sans_ms_bold.ttf in Resources */ = {isa = PBXBuildFile; fileRef = 0721329921477C9200D491CD /* comic_sans_ms_bold.ttf */; };
		07250BD020CDBC8E0025C9DE /* FirebaseCalls.swift in Sources */ = {isa = PBXBuildFile; fileRef = 07250BCF20CDBC8E0025C9DE /* FirebaseCalls.swift */; };
		07BF4CA720E5621600044C86 /* GamerMatchTableViewCell.swift in Sources */ = {isa = PBXBuildFile; fileRef = 07BF4CA620E5621600044C86 /* GamerMatchTableViewCell.swift */; };
		07C982F720961B40007B46BB /* ImageManager.swift in Sources */ = {isa = PBXBuildFile; fileRef = 07C982F620961B40007B46BB /* ImageManager.swift */; };
		07C982F92096B292007B46BB /* SettingsViewController.swift in Sources */ = {isa = PBXBuildFile; fileRef = 07C982F82096B292007B46BB /* SettingsViewController.swift */; };
		07DDCB65215071CF00584BD6 /* NewGroupChatSetupViewController.swift in Sources */ = {isa = PBXBuildFile; fileRef = 07DDCB64215071CF00584BD6 /* NewGroupChatSetupViewController.swift */; };
		07DDCB672150771E00584BD6 /* CreateGroupChatViewController.swift in Sources */ = {isa = PBXBuildFile; fileRef = 07DDCB662150771E00584BD6 /* CreateGroupChatViewController.swift */; };
		07DDCB692150773600584BD6 /* Create1On1ChatViewController.swift in Sources */ = {isa = PBXBuildFile; fileRef = 07DDCB682150773600584BD6 /* Create1On1ChatViewController.swift */; };
		07DDCB6B2150B63500584BD6 /* FriendCollectionViewCell.xib in Resources */ = {isa = PBXBuildFile; fileRef = 07DDCB6A2150B63500584BD6 /* FriendCollectionViewCell.xib */; };
		07DE23DF2153CECC0079F338 /* FriendRequestTableViewCell.swift in Sources */ = {isa = PBXBuildFile; fileRef = 07DE23DD2153CECC0079F338 /* FriendRequestTableViewCell.swift */; };
		07DE23E4215430880079F338 /* FriendRequestTableViewCell.xib in Resources */ = {isa = PBXBuildFile; fileRef = 07DE23E3215430880079F338 /* FriendRequestTableViewCell.xib */; };
		07E586AF204F8F7500023383 /* AppDelegate.swift in Sources */ = {isa = PBXBuildFile; fileRef = 07E586AE204F8F7500023383 /* AppDelegate.swift */; };
		07E586B4204F8F7600023383 /* Main.storyboard in Resources */ = {isa = PBXBuildFile; fileRef = 07E586B2204F8F7600023383 /* Main.storyboard */; };
		07E586B6204F8F7600023383 /* Assets.xcassets in Resources */ = {isa = PBXBuildFile; fileRef = 07E586B5204F8F7600023383 /* Assets.xcassets */; };
		07E586B9204F8F7600023383 /* LaunchScreen.storyboard in Resources */ = {isa = PBXBuildFile; fileRef = 07E586B7204F8F7600023383 /* LaunchScreen.storyboard */; };
		07E586C1204F90E700023383 /* LoginViewController.swift in Sources */ = {isa = PBXBuildFile; fileRef = 07E586C0204F90E700023383 /* LoginViewController.swift */; };
		07E586C3204F911300023383 /* RegistrationViewController.swift in Sources */ = {isa = PBXBuildFile; fileRef = 07E586C2204F911300023383 /* RegistrationViewController.swift */; };
		07E586C8205050A400023383 /* User.swift in Sources */ = {isa = PBXBuildFile; fileRef = 07E586C7205050A400023383 /* User.swift */; };
		07E586CA205057D600023383 /* GoogleService-Info.plist in Resources */ = {isa = PBXBuildFile; fileRef = 07E586C9205057D500023383 /* GoogleService-Info.plist */; };
		07E586CC2050E14F00023383 /* ChatViewController.swift in Sources */ = {isa = PBXBuildFile; fileRef = 07E586CB2050E14F00023383 /* ChatViewController.swift */; };
		07E586CE2050E85300023383 /* ChatTableViewCell.swift in Sources */ = {isa = PBXBuildFile; fileRef = 07E586CD2050E85300023383 /* ChatTableViewCell.swift */; };
		07E586F32052FA5700023383 /* Chat.swift in Sources */ = {isa = PBXBuildFile; fileRef = 07E586F22052FA5700023383 /* Chat.swift */; };
		07E586F52052FDCA00023383 /* Message.swift in Sources */ = {isa = PBXBuildFile; fileRef = 07E586F42052FDCA00023383 /* Message.swift */; };
		07E586F720542E2C00023383 /* ChatUserDisplay.swift in Sources */ = {isa = PBXBuildFile; fileRef = 07E586F620542E2C00023383 /* ChatUserDisplay.swift */; };
		07E586FF20578FA400023383 /* Tournament.swift in Sources */ = {isa = PBXBuildFile; fileRef = 07E586FE20578FA300023383 /* Tournament.swift */; };
		7105DC45CB9B5E0CBF066D2E /* Pods_GamerMatch.framework in Frameworks */ = {isa = PBXBuildFile; fileRef = 1E49539C0C950ED07A315396 /* Pods_GamerMatch.framework */; };
/* End PBXBuildFile section */

/* Begin PBXFileReference section */
		0701F3BC2145FF7000A73A77 /* ChatSelectedViewController.swift */ = {isa = PBXFileReference; lastKnownFileType = sourcecode.swift; path = ChatSelectedViewController.swift; sourceTree = "<group>"; };
		0701F3BE2146087E00A73A77 /* ChatMessageCollectionViewCell.swift */ = {isa = PBXFileReference; lastKnownFileType = sourcecode.swift; path = ChatMessageCollectionViewCell.swift; sourceTree = "<group>"; };
		070927F7205C7046005B0EAF /* FindGamerViewController.swift */ = {isa = PBXFileReference; lastKnownFileType = sourcecode.swift; path = FindGamerViewController.swift; sourceTree = "<group>"; };
		070927F920608CDF005B0EAF /* VideoGame.swift */ = {isa = PBXFileReference; lastKnownFileType = sourcecode.swift; path = VideoGame.swift; sourceTree = "<group>"; };
		070927FB20619FC5005B0EAF /* VideoGameRole.swift */ = {isa = PBXFileReference; lastKnownFileType = sourcecode.swift; path = VideoGameRole.swift; sourceTree = "<group>"; };
		071A7A122148717500099BCA /* UserCacheInfo.swift */ = {isa = PBXFileReference; lastKnownFileType = sourcecode.swift; path = UserCacheInfo.swift; sourceTree = "<group>"; };
		071A7A142148C29B00099BCA /* AllExtensions.swift */ = {isa = PBXFileReference; lastKnownFileType = sourcecode.swift; path = AllExtensions.swift; sourceTree = "<group>"; };
		071A9ABD214A1C9200211E48 /* FindGamerResultsViewController.swift */ = {isa = PBXFileReference; lastKnownFileType = sourcecode.swift; path = FindGamerResultsViewController.swift; sourceTree = "<group>"; };
		071BC835214E0E4500621899 /* FriendCollectionViewCell.swift */ = {isa = PBXFileReference; lastKnownFileType = sourcecode.swift; path = FriendCollectionViewCell.swift; sourceTree = "<group>"; };
		071BC837214E108000621899 /* FriendsViewController.swift */ = {isa = PBXFileReference; lastKnownFileType = sourcecode.swift; path = FriendsViewController.swift; sourceTree = "<group>"; };
		071E900E214EB026005ED404 /* FriendCollectionViewHeader.xib */ = {isa = PBXFileReference; lastKnownFileType = file.xib; path = FriendCollectionViewHeader.xib; sourceTree = "<group>"; };
		071E9010214EB04B005ED404 /* FriendCollectionViewHeader.swift */ = {isa = PBXFileReference; lastKnownFileType = sourcecode.swift; path = FriendCollectionViewHeader.swift; sourceTree = "<group>"; };
		071E901221500145005ED404 /* CreateNewChatViewController.swift */ = {isa = PBXFileReference; lastKnownFileType = sourcecode.swift; path = CreateNewChatViewController.swift; sourceTree = "<group>"; };
		071E90142150255E005ED404 /* UserTableViewCell.swift */ = {isa = PBXFileReference; lastKnownFileType = sourcecode.swift; path = UserTableViewCell.swift; sourceTree = "<group>"; };
		071E901621502571005ED404 /* UserTableViewCell.xib */ = {isa = PBXFileReference; lastKnownFileType = file.xib; path = UserTableViewCell.xib; sourceTree = "<group>"; };
		071EB7062152F8A100688D32 /* DisplayChatMetaDataViewController.swift */ = {isa = PBXFileReference; lastKnownFileType = sourcecode.swift; path = DisplayChatMetaDataViewController.swift; sourceTree = "<group>"; };
		071EB70821531C5A00688D32 /* CamaraHandler.swift */ = {isa = PBXFileReference; lastKnownFileType = sourcecode.swift; path = CamaraHandler.swift; sourceTree = "<group>"; };
		071ED11E215AA7F6007B805B /* FriendRequest.swift */ = {isa = PBXFileReference; lastKnownFileType = sourcecode.swift; path = FriendRequest.swift; sourceTree = "<group>"; };
		071ED120215C6970007B805B /* GamerProfileViewController.swift */ = {isa = PBXFileReference; lastKnownFileType = sourcecode.swift; path = GamerProfileViewController.swift; sourceTree = "<group>"; };
		071EE7A921559D26006A6401 /* VideoGameSelected.swift */ = {isa = PBXFileReference; lastKnownFileType = sourcecode.swift; path = VideoGameSelected.swift; sourceTree = "<group>"; };
		071EE7B12155C2A9006A6401 /* VideoGameRepo.swift */ = {isa = PBXFileReference; lastKnownFileType = sourcecode.swift; path = VideoGameRepo.swift; sourceTree = "<group>"; };
		071EE7B3215709A6006A6401 /* GameAndConsoleSelectionViewController.swift */ = {isa = PBXFileReference; fileEncoding = 4; lastKnownFileType = sourcecode.swift; path = GameAndConsoleSelectionViewController.swift; sourceTree = "<group>"; };
		0721329721477B8200D491CD /* comic_sans_ms.ttf */ = {isa = PBXFileReference; lastKnownFileType = file; path = comic_sans_ms.ttf; sourceTree = "<group>"; };
		0721329921477C9200D491CD /* comic_sans_ms_bold.ttf */ = {isa = PBXFileReference; lastKnownFileType = file; path = comic_sans_ms_bold.ttf; sourceTree = "<group>"; };
		07250BCF20CDBC8E0025C9DE /* FirebaseCalls.swift */ = {isa = PBXFileReference; lastKnownFileType = sourcecode.swift; path = FirebaseCalls.swift; sourceTree = "<group>"; };
		07BF4CA620E5621600044C86 /* GamerMatchTableViewCell.swift */ = {isa = PBXFileReference; lastKnownFileType = sourcecode.swift; path = GamerMatchTableViewCell.swift; sourceTree = "<group>"; };
		07C982F620961B40007B46BB /* ImageManager.swift */ = {isa = PBXFileReference; lastKnownFileType = sourcecode.swift; path = ImageManager.swift; sourceTree = "<group>"; };
		07C982F82096B292007B46BB /* SettingsViewController.swift */ = {isa = PBXFileReference; lastKnownFileType = sourcecode.swift; path = SettingsViewController.swift; sourceTree = "<group>"; };
		07DDCB64215071CF00584BD6 /* NewGroupChatSetupViewController.swift */ = {isa = PBXFileReference; lastKnownFileType = sourcecode.swift; path = NewGroupChatSetupViewController.swift; sourceTree = "<group>"; };
		07DDCB662150771E00584BD6 /* CreateGroupChatViewController.swift */ = {isa = PBXFileReference; lastKnownFileType = sourcecode.swift; path = CreateGroupChatViewController.swift; sourceTree = "<group>"; };
		07DDCB682150773600584BD6 /* Create1On1ChatViewController.swift */ = {isa = PBXFileReference; lastKnownFileType = sourcecode.swift; path = Create1On1ChatViewController.swift; sourceTree = "<group>"; };
		07DDCB6A2150B63500584BD6 /* FriendCollectionViewCell.xib */ = {isa = PBXFileReference; lastKnownFileType = file.xib; path = FriendCollectionViewCell.xib; sourceTree = "<group>"; };
		07DE23DD2153CECC0079F338 /* FriendRequestTableViewCell.swift */ = {isa = PBXFileReference; lastKnownFileType = sourcecode.swift; path = FriendRequestTableViewCell.swift; sourceTree = "<group>"; };
		07DE23E3215430880079F338 /* FriendRequestTableViewCell.xib */ = {isa = PBXFileReference; lastKnownFileType = file.xib; path = FriendRequestTableViewCell.xib; sourceTree = "<group>"; };
		07E586AB204F8F7500023383 /* GamerMatch.app */ = {isa = PBXFileReference; explicitFileType = wrapper.application; includeInIndex = 0; path = GamerMatch.app; sourceTree = BUILT_PRODUCTS_DIR; };
		07E586AE204F8F7500023383 /* AppDelegate.swift */ = {isa = PBXFileReference; lastKnownFileType = sourcecode.swift; path = AppDelegate.swift; sourceTree = "<group>"; };
		07E586B3204F8F7600023383 /* Base */ = {isa = PBXFileReference; lastKnownFileType = file.storyboard; name = Base; path = Base.lproj/Main.storyboard; sourceTree = "<group>"; };
		07E586B5204F8F7600023383 /* Assets.xcassets */ = {isa = PBXFileReference; lastKnownFileType = folder.assetcatalog; path = Assets.xcassets; sourceTree = "<group>"; };
		07E586B8204F8F7600023383 /* Base */ = {isa = PBXFileReference; lastKnownFileType = file.storyboard; name = Base; path = Base.lproj/LaunchScreen.storyboard; sourceTree = "<group>"; };
		07E586BA204F8F7600023383 /* Info.plist */ = {isa = PBXFileReference; lastKnownFileType = text.plist.xml; path = Info.plist; sourceTree = "<group>"; };
		07E586C0204F90E700023383 /* LoginViewController.swift */ = {isa = PBXFileReference; lastKnownFileType = sourcecode.swift; path = LoginViewController.swift; sourceTree = "<group>"; };
		07E586C2204F911300023383 /* RegistrationViewController.swift */ = {isa = PBXFileReference; lastKnownFileType = sourcecode.swift; path = RegistrationViewController.swift; sourceTree = "<group>"; };
		07E586C7205050A400023383 /* User.swift */ = {isa = PBXFileReference; lastKnownFileType = sourcecode.swift; path = User.swift; sourceTree = "<group>"; };
		07E586C9205057D500023383 /* GoogleService-Info.plist */ = {isa = PBXFileReference; fileEncoding = 4; lastKnownFileType = text.plist.xml; path = "GoogleService-Info.plist"; sourceTree = "<group>"; };
		07E586CB2050E14F00023383 /* ChatViewController.swift */ = {isa = PBXFileReference; lastKnownFileType = sourcecode.swift; path = ChatViewController.swift; sourceTree = "<group>"; };
		07E586CD2050E85300023383 /* ChatTableViewCell.swift */ = {isa = PBXFileReference; lastKnownFileType = sourcecode.swift; path = ChatTableViewCell.swift; sourceTree = "<group>"; };
		07E586F22052FA5700023383 /* Chat.swift */ = {isa = PBXFileReference; lastKnownFileType = sourcecode.swift; path = Chat.swift; sourceTree = "<group>"; };
		07E586F42052FDCA00023383 /* Message.swift */ = {isa = PBXFileReference; lastKnownFileType = sourcecode.swift; path = Message.swift; sourceTree = "<group>"; };
		07E586F620542E2C00023383 /* ChatUserDisplay.swift */ = {isa = PBXFileReference; lastKnownFileType = sourcecode.swift; path = ChatUserDisplay.swift; sourceTree = "<group>"; };
		07E586FE20578FA300023383 /* Tournament.swift */ = {isa = PBXFileReference; lastKnownFileType = sourcecode.swift; path = Tournament.swift; sourceTree = "<group>"; };
		1E49539C0C950ED07A315396 /* Pods_GamerMatch.framework */ = {isa = PBXFileReference; explicitFileType = wrapper.framework; includeInIndex = 0; path = Pods_GamerMatch.framework; sourceTree = BUILT_PRODUCTS_DIR; };
		8AF9417A7AC9D821680FE172 /* Pods-GamerMatch.debug.xcconfig */ = {isa = PBXFileReference; includeInIndex = 1; lastKnownFileType = text.xcconfig; name = "Pods-GamerMatch.debug.xcconfig"; path = "Pods/Target Support Files/Pods-GamerMatch/Pods-GamerMatch.debug.xcconfig"; sourceTree = "<group>"; };
		FF24FBA86CEBCD1907B56494 /* Pods-GamerMatch.release.xcconfig */ = {isa = PBXFileReference; includeInIndex = 1; lastKnownFileType = text.xcconfig; name = "Pods-GamerMatch.release.xcconfig"; path = "Pods/Target Support Files/Pods-GamerMatch/Pods-GamerMatch.release.xcconfig"; sourceTree = "<group>"; };
/* End PBXFileReference section */

/* Begin PBXFrameworksBuildPhase section */
		07E586A8204F8F7500023383 /* Frameworks */ = {
			isa = PBXFrameworksBuildPhase;
			buildActionMask = 2147483647;
			files = (
				7105DC45CB9B5E0CBF066D2E /* Pods_GamerMatch.framework in Frameworks */,
			);
			runOnlyForDeploymentPostprocessing = 0;
		};
/* End PBXFrameworksBuildPhase section */

/* Begin PBXGroup section */
		0712C97F20A1159E00775C63 /* Network */ = {
			isa = PBXGroup;
			children = (
				07250BCF20CDBC8E0025C9DE /* FirebaseCalls.swift */,
			);
			path = Network;
			sourceTree = "<group>";
		};
		0721329621477B6300D491CD /* Fonts */ = {
			isa = PBXGroup;
			children = (
				0721329921477C9200D491CD /* comic_sans_ms_bold.ttf */,
				0721329721477B8200D491CD /* comic_sans_ms.ttf */,
			);
			path = Fonts;
			sourceTree = "<group>";
		};
		07C982F320961242007B46BB /* Sources */ = {
			isa = PBXGroup;
			children = (
				07C982F620961B40007B46BB /* ImageManager.swift */,
				071A7A142148C29B00099BCA /* AllExtensions.swift */,
				071EB70821531C5A00688D32 /* CamaraHandler.swift */,
			);
			path = Sources;
			sourceTree = "<group>";
		};
		07E586A2204F8F7500023383 = {
			isa = PBXGroup;
			children = (
				07E586AD204F8F7500023383 /* GamerMatch */,
				07E586AC204F8F7500023383 /* Products */,
				5ECA3A26F8263880744EABA2 /* Pods */,
				0D2DAF092B0D8173591DCB62 /* Frameworks */,
			);
			sourceTree = "<group>";
		};
		07E586AC204F8F7500023383 /* Products */ = {
			isa = PBXGroup;
			children = (
				07E586AB204F8F7500023383 /* GamerMatch.app */,
			);
			name = Products;
			sourceTree = "<group>";
		};
		07E586AD204F8F7500023383 /* GamerMatch */ = {
			isa = PBXGroup;
			children = (
				0721329621477B6300D491CD /* Fonts */,
				0712C97F20A1159E00775C63 /* Network */,
				07C982F320961242007B46BB /* Sources */,
				07E586C6204F913E00023383 /* View */,
				07E586C5204F913400023383 /* Model */,
				07E586C4204F912100023383 /* Controller */,
				07E586AE204F8F7500023383 /* AppDelegate.swift */,
				07E586B5204F8F7600023383 /* Assets.xcassets */,
				07E586B7204F8F7600023383 /* LaunchScreen.storyboard */,
				07E586BA204F8F7600023383 /* Info.plist */,
				07E586C9205057D500023383 /* GoogleService-Info.plist */,
			);
			path = GamerMatch;
			sourceTree = "<group>";
		};
		07E586C4204F912100023383 /* Controller */ = {
			isa = PBXGroup;
			children = (
				0701F3BC2145FF7000A73A77 /* ChatSelectedViewController.swift */,
				07E586CB2050E14F00023383 /* ChatViewController.swift */,
				07DDCB682150773600584BD6 /* Create1On1ChatViewController.swift */,
				07DDCB662150771E00584BD6 /* CreateGroupChatViewController.swift */,
				071E901221500145005ED404 /* CreateNewChatViewController.swift */,
				071EB7062152F8A100688D32 /* DisplayChatMetaDataViewController.swift */,
				071A9ABD214A1C9200211E48 /* FindGamerResultsViewController.swift */,
				070927F7205C7046005B0EAF /* FindGamerViewController.swift */,
				071BC837214E108000621899 /* FriendsViewController.swift */,
				071EE7B3215709A6006A6401 /* GameAndConsoleSelectionViewController.swift */,
				07E586C0204F90E700023383 /* LoginViewController.swift */,
				07DDCB64215071CF00584BD6 /* NewGroupChatSetupViewController.swift */,
				07E586C2204F911300023383 /* RegistrationViewController.swift */,
				07C982F82096B292007B46BB /* SettingsViewController.swift */,
				071ED120215C6970007B805B /* GamerProfileViewController.swift */,
			);
			path = Controller;
			sourceTree = "<group>";
		};
		07E586C5204F913400023383 /* Model */ = {
			isa = PBXGroup;
			children = (
				07E586F22052FA5700023383 /* Chat.swift */,
				07E586F620542E2C00023383 /* ChatUserDisplay.swift */,
				07E586F42052FDCA00023383 /* Message.swift */,
				07E586FE20578FA300023383 /* Tournament.swift */,
				07E586C7205050A400023383 /* User.swift */,
				071A7A122148717500099BCA /* UserCacheInfo.swift */,
				070927F920608CDF005B0EAF /* VideoGame.swift */,
				070927FB20619FC5005B0EAF /* VideoGameRole.swift */,
				071EE7A921559D26006A6401 /* VideoGameSelected.swift */,
				071EE7B12155C2A9006A6401 /* VideoGameRepo.swift */,
				071ED11E215AA7F6007B805B /* FriendRequest.swift */,
			);
			path = Model;
			sourceTree = "<group>";
		};
		07E586C6204F913E00023383 /* View */ = {
			isa = PBXGroup;
			children = (
				0701F3BE2146087E00A73A77 /* ChatMessageCollectionViewCell.swift */,
				07E586CD2050E85300023383 /* ChatTableViewCell.swift */,
				071BC835214E0E4500621899 /* FriendCollectionViewCell.swift */,
				07DDCB6A2150B63500584BD6 /* FriendCollectionViewCell.xib */,
				071E9010214EB04B005ED404 /* FriendCollectionViewHeader.swift */,
				071E900E214EB026005ED404 /* FriendCollectionViewHeader.xib */,
				07BF4CA620E5621600044C86 /* GamerMatchTableViewCell.swift */,
				07E586B2204F8F7600023383 /* Main.storyboard */,
				071E90142150255E005ED404 /* UserTableViewCell.swift */,
				071E901621502571005ED404 /* UserTableViewCell.xib */,
				07DE23DD2153CECC0079F338 /* FriendRequestTableViewCell.swift */,
				07DE23E3215430880079F338 /* FriendRequestTableViewCell.xib */,
			);
			path = View;
			sourceTree = "<group>";
		};
		0D2DAF092B0D8173591DCB62 /* Frameworks */ = {
			isa = PBXGroup;
			children = (
				1E49539C0C950ED07A315396 /* Pods_GamerMatch.framework */,
			);
			name = Frameworks;
			sourceTree = "<group>";
		};
		5ECA3A26F8263880744EABA2 /* Pods */ = {
			isa = PBXGroup;
			children = (
				8AF9417A7AC9D821680FE172 /* Pods-GamerMatch.debug.xcconfig */,
				FF24FBA86CEBCD1907B56494 /* Pods-GamerMatch.release.xcconfig */,
			);
			name = Pods;
			sourceTree = "<group>";
		};
/* End PBXGroup section */

/* Begin PBXNativeTarget section */
		07E586AA204F8F7500023383 /* GamerMatch */ = {
			isa = PBXNativeTarget;
			buildConfigurationList = 07E586BD204F8F7600023383 /* Build configuration list for PBXNativeTarget "GamerMatch" */;
			buildPhases = (
				A5AA45CF6E8BC50405AF4ADF /* [CP] Check Pods Manifest.lock */,
				07E586A7204F8F7500023383 /* Sources */,
				07E586A8204F8F7500023383 /* Frameworks */,
				07E586A9204F8F7500023383 /* Resources */,
				68D047AE89DE5F0A826DB350 /* [CP] Embed Pods Frameworks */,
				6CA58033258AD10518607123 /* [CP] Copy Pods Resources */,
			);
			buildRules = (
			);
			dependencies = (
			);
			name = GamerMatch;
			productName = GamerMatch;
			productReference = 07E586AB204F8F7500023383 /* GamerMatch.app */;
			productType = "com.apple.product-type.application";
		};
/* End PBXNativeTarget section */

/* Begin PBXProject section */
		07E586A3204F8F7500023383 /* Project object */ = {
			isa = PBXProject;
			attributes = {
				LastSwiftUpdateCheck = 0920;
				LastUpgradeCheck = 0930;
				ORGANIZATIONNAME = "Eric Rado";
				TargetAttributes = {
					07E586AA204F8F7500023383 = {
						CreatedOnToolsVersion = 9.2;
						ProvisioningStyle = Automatic;
					};
				};
			};
			buildConfigurationList = 07E586A6204F8F7500023383 /* Build configuration list for PBXProject "GamerMatch" */;
			compatibilityVersion = "Xcode 8.0";
			developmentRegion = en;
			hasScannedForEncodings = 0;
			knownRegions = (
				en,
				Base,
			);
			mainGroup = 07E586A2204F8F7500023383;
			productRefGroup = 07E586AC204F8F7500023383 /* Products */;
			projectDirPath = "";
			projectRoot = "";
			targets = (
				07E586AA204F8F7500023383 /* GamerMatch */,
			);
		};
/* End PBXProject section */

/* Begin PBXResourcesBuildPhase section */
		07E586A9204F8F7500023383 /* Resources */ = {
			isa = PBXResourcesBuildPhase;
			buildActionMask = 2147483647;
			files = (
				071E901721502571005ED404 /* UserTableViewCell.xib in Resources */,
				0721329A21477C9600D491CD /* comic_sans_ms_bold.ttf in Resources */,
				0721329821477B8600D491CD /* comic_sans_ms.ttf in Resources */,
				07DE23E4215430880079F338 /* FriendRequestTableViewCell.xib in Resources */,
				07E586B9204F8F7600023383 /* LaunchScreen.storyboard in Resources */,
				07E586CA205057D600023383 /* GoogleService-Info.plist in Resources */,
				07DDCB6B2150B63500584BD6 /* FriendCollectionViewCell.xib in Resources */,
				07E586B6204F8F7600023383 /* Assets.xcassets in Resources */,
				071E900F214EB026005ED404 /* FriendCollectionViewHeader.xib in Resources */,
				07E586B4204F8F7600023383 /* Main.storyboard in Resources */,
			);
			runOnlyForDeploymentPostprocessing = 0;
		};
/* End PBXResourcesBuildPhase section */

/* Begin PBXShellScriptBuildPhase section */
		68D047AE89DE5F0A826DB350 /* [CP] Embed Pods Frameworks */ = {
			isa = PBXShellScriptBuildPhase;
			buildActionMask = 2147483647;
			files = (
			);
			inputPaths = (
				"${SRCROOT}/Pods/Target Support Files/Pods-GamerMatch/Pods-GamerMatch-frameworks.sh",
				"${BUILT_PRODUCTS_DIR}/FontAwesome.swift/FontAwesome_swift.framework",
				"${BUILT_PRODUCTS_DIR}/GTMSessionFetcher/GTMSessionFetcher.framework",
				"${BUILT_PRODUCTS_DIR}/GoogleToolboxForMac/GoogleToolboxForMac.framework",
				"${BUILT_PRODUCTS_DIR}/MBProgressHUD/MBProgressHUD.framework",
				"${BUILT_PRODUCTS_DIR}/SVProgressHUD/SVProgressHUD.framework",
				"${BUILT_PRODUCTS_DIR}/ValidationComponents/ValidationComponents.framework",
				"${BUILT_PRODUCTS_DIR}/ValidationToolkit/ValidationToolkit.framework",
				"${BUILT_PRODUCTS_DIR}/leveldb-library/leveldb.framework",
				"${BUILT_PRODUCTS_DIR}/nanopb/nanopb.framework",
			);
			name = "[CP] Embed Pods Frameworks";
			outputPaths = (
				"${TARGET_BUILD_DIR}/${FRAMEWORKS_FOLDER_PATH}/FontAwesome_swift.framework",
				"${TARGET_BUILD_DIR}/${FRAMEWORKS_FOLDER_PATH}/GTMSessionFetcher.framework",
				"${TARGET_BUILD_DIR}/${FRAMEWORKS_FOLDER_PATH}/GoogleToolboxForMac.framework",
				"${TARGET_BUILD_DIR}/${FRAMEWORKS_FOLDER_PATH}/MBProgressHUD.framework",
				"${TARGET_BUILD_DIR}/${FRAMEWORKS_FOLDER_PATH}/SVProgressHUD.framework",
				"${TARGET_BUILD_DIR}/${FRAMEWORKS_FOLDER_PATH}/ValidationComponents.framework",
				"${TARGET_BUILD_DIR}/${FRAMEWORKS_FOLDER_PATH}/ValidationToolkit.framework",
				"${TARGET_BUILD_DIR}/${FRAMEWORKS_FOLDER_PATH}/leveldb.framework",
				"${TARGET_BUILD_DIR}/${FRAMEWORKS_FOLDER_PATH}/nanopb.framework",
			);
			runOnlyForDeploymentPostprocessing = 0;
			shellPath = /bin/sh;
			shellScript = "\"${SRCROOT}/Pods/Target Support Files/Pods-GamerMatch/Pods-GamerMatch-frameworks.sh\"\n";
			showEnvVarsInLog = 0;
		};
		6CA58033258AD10518607123 /* [CP] Copy Pods Resources */ = {
			isa = PBXShellScriptBuildPhase;
			buildActionMask = 2147483647;
			files = (
			);
			inputPaths = (
				"${SRCROOT}/Pods/Target Support Files/Pods-GamerMatch/Pods-GamerMatch-resources.sh",
				"${PODS_ROOT}/GoogleMaps/Maps/Frameworks/GoogleMaps.framework/Resources/GoogleMaps.bundle",
			);
			name = "[CP] Copy Pods Resources";
			outputPaths = (
				"${TARGET_BUILD_DIR}/${UNLOCALIZED_RESOURCES_FOLDER_PATH}/GoogleMaps.bundle",
			);
			runOnlyForDeploymentPostprocessing = 0;
			shellPath = /bin/sh;
			shellScript = "\"${SRCROOT}/Pods/Target Support Files/Pods-GamerMatch/Pods-GamerMatch-resources.sh\"\n";
			showEnvVarsInLog = 0;
		};
		A5AA45CF6E8BC50405AF4ADF /* [CP] Check Pods Manifest.lock */ = {
			isa = PBXShellScriptBuildPhase;
			buildActionMask = 2147483647;
			files = (
			);
			inputPaths = (
				"${PODS_PODFILE_DIR_PATH}/Podfile.lock",
				"${PODS_ROOT}/Manifest.lock",
			);
			name = "[CP] Check Pods Manifest.lock";
			outputPaths = (
				"$(DERIVED_FILE_DIR)/Pods-GamerMatch-checkManifestLockResult.txt",
			);
			runOnlyForDeploymentPostprocessing = 0;
			shellPath = /bin/sh;
			shellScript = "diff \"${PODS_PODFILE_DIR_PATH}/Podfile.lock\" \"${PODS_ROOT}/Manifest.lock\" > /dev/null\nif [ $? != 0 ] ; then\n    # print error to STDERR\n    echo \"error: The sandbox is not in sync with the Podfile.lock. Run 'pod install' or update your CocoaPods installation.\" >&2\n    exit 1\nfi\n# This output is used by Xcode 'outputs' to avoid re-running this script phase.\necho \"SUCCESS\" > \"${SCRIPT_OUTPUT_FILE_0}\"\n";
			showEnvVarsInLog = 0;
		};
/* End PBXShellScriptBuildPhase section */

/* Begin PBXSourcesBuildPhase section */
		07E586A7204F8F7500023383 /* Sources */ = {
			isa = PBXSourcesBuildPhase;
			buildActionMask = 2147483647;
			files = (
				071EE7AA21559D26006A6401 /* VideoGameSelected.swift in Sources */,
				07BF4CA720E5621600044C86 /* GamerMatchTableViewCell.swift in Sources */,
				07E586FF20578FA400023383 /* Tournament.swift in Sources */,
				071EE7B4215709A6006A6401 /* GameAndConsoleSelectionViewController.swift in Sources */,
				071ED121215C6970007B805B /* GamerProfileViewController.swift in Sources */,
				071EB7072152F8A100688D32 /* DisplayChatMetaDataViewController.swift in Sources */,
				07E586F720542E2C00023383 /* ChatUserDisplay.swift in Sources */,
				071BC838214E108000621899 /* FriendsViewController.swift in Sources */,
				07E586C8205050A400023383 /* User.swift in Sources */,
				071E90152150255E005ED404 /* UserTableViewCell.swift in Sources */,
				071ED11F215AA7F6007B805B /* FriendRequest.swift in Sources */,
				071E901321500145005ED404 /* CreateNewChatViewController.swift in Sources */,
				07E586C3204F911300023383 /* RegistrationViewController.swift in Sources */,
				07E586F32052FA5700023383 /* Chat.swift in Sources */,
				07E586C1204F90E700023383 /* LoginViewController.swift in Sources */,
				071A7A152148C29B00099BCA /* AllExtensions.swift in Sources */,
				07E586CC2050E14F00023383 /* ChatViewController.swift in Sources */,
				07C982F720961B40007B46BB /* ImageManager.swift in Sources */,
				071E9011214EB04B005ED404 /* FriendCollectionViewHeader.swift in Sources */,
				071EE7B22155C2A9006A6401 /* VideoGameRepo.swift in Sources */,
				071A9ABE214A1C9200211E48 /* FindGamerResultsViewController.swift in Sources */,
				07E586F52052FDCA00023383 /* Message.swift in Sources */,
				07DDCB692150773600584BD6 /* Create1On1ChatViewController.swift in Sources */,
				07DDCB65215071CF00584BD6 /* NewGroupChatSetupViewController.swift in Sources */,
				070927F8205C7046005B0EAF /* FindGamerViewController.swift in Sources */,
				070927FA20608CDF005B0EAF /* VideoGame.swift in Sources */,
				0701F3BF2146087E00A73A77 /* ChatMessageCollectionViewCell.swift in Sources */,
				07E586AF204F8F7500023383 /* AppDelegate.swift in Sources */,
				07DE23DF2153CECC0079F338 /* FriendRequestTableViewCell.swift in Sources */,
				071EB70921531C5A00688D32 /* CamaraHandler.swift in Sources */,
				071A7A132148717500099BCA /* UserCacheInfo.swift in Sources */,
				071BC836214E0E4500621899 /* FriendCollectionViewCell.swift in Sources */,
				0701F3BD2145FF7000A73A77 /* ChatSelectedViewController.swift in Sources */,
				07DDCB672150771E00584BD6 /* CreateGroupChatViewController.swift in Sources */,
				070927FC20619FC5005B0EAF /* VideoGameRole.swift in Sources */,
				07E586CE2050E85300023383 /* ChatTableViewCell.swift in Sources */,
				07250BD020CDBC8E0025C9DE /* FirebaseCalls.swift in Sources */,
				07C982F92096B292007B46BB /* SettingsViewController.swift in Sources */,
			);
			runOnlyForDeploymentPostprocessing = 0;
		};
/* End PBXSourcesBuildPhase section */

/* Begin PBXVariantGroup section */
		07E586B2204F8F7600023383 /* Main.storyboard */ = {
			isa = PBXVariantGroup;
			children = (
				07E586B3204F8F7600023383 /* Base */,
			);
			name = Main.storyboard;
			sourceTree = "<group>";
		};
		07E586B7204F8F7600023383 /* LaunchScreen.storyboard */ = {
			isa = PBXVariantGroup;
			children = (
				07E586B8204F8F7600023383 /* Base */,
			);
			name = LaunchScreen.storyboard;
			sourceTree = "<group>";
		};
/* End PBXVariantGroup section */

/* Begin XCBuildConfiguration section */
		07E586BB204F8F7600023383 /* Debug */ = {
			isa = XCBuildConfiguration;
			buildSettings = {
				ALWAYS_SEARCH_USER_PATHS = NO;
				CLANG_ANALYZER_NONNULL = YES;
				CLANG_ANALYZER_NUMBER_OBJECT_CONVERSION = YES_AGGRESSIVE;
				CLANG_CXX_LANGUAGE_STANDARD = "gnu++14";
				CLANG_CXX_LIBRARY = "libc++";
				CLANG_ENABLE_MODULES = YES;
				CLANG_ENABLE_OBJC_ARC = YES;
				CLANG_WARN_BLOCK_CAPTURE_AUTORELEASING = YES;
				CLANG_WARN_BOOL_CONVERSION = YES;
				CLANG_WARN_COMMA = YES;
				CLANG_WARN_CONSTANT_CONVERSION = YES;
				CLANG_WARN_DEPRECATED_OBJC_IMPLEMENTATIONS = YES;
				CLANG_WARN_DIRECT_OBJC_ISA_USAGE = YES_ERROR;
				CLANG_WARN_DOCUMENTATION_COMMENTS = YES;
				CLANG_WARN_EMPTY_BODY = YES;
				CLANG_WARN_ENUM_CONVERSION = YES;
				CLANG_WARN_INFINITE_RECURSION = YES;
				CLANG_WARN_INT_CONVERSION = YES;
				CLANG_WARN_NON_LITERAL_NULL_CONVERSION = YES;
				CLANG_WARN_OBJC_IMPLICIT_RETAIN_SELF = YES;
				CLANG_WARN_OBJC_LITERAL_CONVERSION = YES;
				CLANG_WARN_OBJC_ROOT_CLASS = YES_ERROR;
				CLANG_WARN_RANGE_LOOP_ANALYSIS = YES;
				CLANG_WARN_STRICT_PROTOTYPES = YES;
				CLANG_WARN_SUSPICIOUS_MOVE = YES;
				CLANG_WARN_UNGUARDED_AVAILABILITY = YES_AGGRESSIVE;
				CLANG_WARN_UNREACHABLE_CODE = YES;
				CLANG_WARN__DUPLICATE_METHOD_MATCH = YES;
				CODE_SIGN_IDENTITY = "iPhone Developer";
				COPY_PHASE_STRIP = NO;
				DEBUG_INFORMATION_FORMAT = dwarf;
				ENABLE_STRICT_OBJC_MSGSEND = YES;
				ENABLE_TESTABILITY = YES;
				GCC_C_LANGUAGE_STANDARD = gnu11;
				GCC_DYNAMIC_NO_PIC = NO;
				GCC_NO_COMMON_BLOCKS = YES;
				GCC_OPTIMIZATION_LEVEL = 0;
				GCC_PREPROCESSOR_DEFINITIONS = (
					"DEBUG=1",
					"$(inherited)",
				);
				GCC_WARN_64_TO_32_BIT_CONVERSION = YES;
				GCC_WARN_ABOUT_RETURN_TYPE = YES_ERROR;
				GCC_WARN_UNDECLARED_SELECTOR = YES;
				GCC_WARN_UNINITIALIZED_AUTOS = YES_AGGRESSIVE;
				GCC_WARN_UNUSED_FUNCTION = YES;
				GCC_WARN_UNUSED_VARIABLE = YES;
				IPHONEOS_DEPLOYMENT_TARGET = 11.3;
				MTL_ENABLE_DEBUG_INFO = YES;
				ONLY_ACTIVE_ARCH = YES;
				SDKROOT = iphoneos;
				SWIFT_ACTIVE_COMPILATION_CONDITIONS = DEBUG;
				SWIFT_OPTIMIZATION_LEVEL = "-Onone";
			};
			name = Debug;
		};
		07E586BC204F8F7600023383 /* Release */ = {
			isa = XCBuildConfiguration;
			buildSettings = {
				ALWAYS_SEARCH_USER_PATHS = NO;
				CLANG_ANALYZER_NONNULL = YES;
				CLANG_ANALYZER_NUMBER_OBJECT_CONVERSION = YES_AGGRESSIVE;
				CLANG_CXX_LANGUAGE_STANDARD = "gnu++14";
				CLANG_CXX_LIBRARY = "libc++";
				CLANG_ENABLE_MODULES = YES;
				CLANG_ENABLE_OBJC_ARC = YES;
				CLANG_WARN_BLOCK_CAPTURE_AUTORELEASING = YES;
				CLANG_WARN_BOOL_CONVERSION = YES;
				CLANG_WARN_COMMA = YES;
				CLANG_WARN_CONSTANT_CONVERSION = YES;
				CLANG_WARN_DEPRECATED_OBJC_IMPLEMENTATIONS = YES;
				CLANG_WARN_DIRECT_OBJC_ISA_USAGE = YES_ERROR;
				CLANG_WARN_DOCUMENTATION_COMMENTS = YES;
				CLANG_WARN_EMPTY_BODY = YES;
				CLANG_WARN_ENUM_CONVERSION = YES;
				CLANG_WARN_INFINITE_RECURSION = YES;
				CLANG_WARN_INT_CONVERSION = YES;
				CLANG_WARN_NON_LITERAL_NULL_CONVERSION = YES;
				CLANG_WARN_OBJC_IMPLICIT_RETAIN_SELF = YES;
				CLANG_WARN_OBJC_LITERAL_CONVERSION = YES;
				CLANG_WARN_OBJC_ROOT_CLASS = YES_ERROR;
				CLANG_WARN_RANGE_LOOP_ANALYSIS = YES;
				CLANG_WARN_STRICT_PROTOTYPES = YES;
				CLANG_WARN_SUSPICIOUS_MOVE = YES;
				CLANG_WARN_UNGUARDED_AVAILABILITY = YES_AGGRESSIVE;
				CLANG_WARN_UNREACHABLE_CODE = YES;
				CLANG_WARN__DUPLICATE_METHOD_MATCH = YES;
				CODE_SIGN_IDENTITY = "iPhone Developer";
				COPY_PHASE_STRIP = NO;
				DEBUG_INFORMATION_FORMAT = "dwarf-with-dsym";
				ENABLE_NS_ASSERTIONS = NO;
				ENABLE_STRICT_OBJC_MSGSEND = YES;
				GCC_C_LANGUAGE_STANDARD = gnu11;
				GCC_NO_COMMON_BLOCKS = YES;
				GCC_WARN_64_TO_32_BIT_CONVERSION = YES;
				GCC_WARN_ABOUT_RETURN_TYPE = YES_ERROR;
				GCC_WARN_UNDECLARED_SELECTOR = YES;
				GCC_WARN_UNINITIALIZED_AUTOS = YES_AGGRESSIVE;
				GCC_WARN_UNUSED_FUNCTION = YES;
				GCC_WARN_UNUSED_VARIABLE = YES;
				IPHONEOS_DEPLOYMENT_TARGET = 11.3;
				MTL_ENABLE_DEBUG_INFO = NO;
				SDKROOT = iphoneos;
				SWIFT_OPTIMIZATION_LEVEL = "-Owholemodule";
				VALIDATE_PRODUCT = YES;
			};
			name = Release;
		};
		07E586BE204F8F7600023383 /* Debug */ = {
			isa = XCBuildConfiguration;
			baseConfigurationReference = 8AF9417A7AC9D821680FE172 /* Pods-GamerMatch.debug.xcconfig */;
			buildSettings = {
				ASSETCATALOG_COMPILER_APPICON_NAME = AppIcon;
				CODE_SIGN_STYLE = Automatic;
				DEVELOPMENT_TEAM = RK6ET38AYF;
				INFOPLIST_FILE = GamerMatch/Info.plist;
				IPHONEOS_DEPLOYMENT_TARGET = 11.3;
				LD_RUNPATH_SEARCH_PATHS = "$(inherited) @executable_path/Frameworks";
				PRODUCT_BUNDLE_IDENTIFIER = com.myMobileApps.GamerMatch;
				PRODUCT_NAME = "$(TARGET_NAME)";
				SWIFT_VERSION = 4.0;
				TARGETED_DEVICE_FAMILY = "1,2";
			};
			name = Debug;
		};
		07E586BF204F8F7600023383 /* Release */ = {
			isa = XCBuildConfiguration;
			baseConfigurationReference = FF24FBA86CEBCD1907B56494 /* Pods-GamerMatch.release.xcconfig */;
			buildSettings = {
				ASSETCATALOG_COMPILER_APPICON_NAME = AppIcon;
				CODE_SIGN_STYLE = Automatic;
				DEVELOPMENT_TEAM = RK6ET38AYF;
				INFOPLIST_FILE = GamerMatch/Info.plist;
				IPHONEOS_DEPLOYMENT_TARGET = 11.3;
				LD_RUNPATH_SEARCH_PATHS = "$(inherited) @executable_path/Frameworks";
				PRODUCT_BUNDLE_IDENTIFIER = com.myMobileApps.GamerMatch;
				PRODUCT_NAME = "$(TARGET_NAME)";
				SWIFT_VERSION = 4.0;
				TARGETED_DEVICE_FAMILY = "1,2";
			};
			name = Release;
		};
/* End XCBuildConfiguration section */

/* Begin XCConfigurationList section */
		07E586A6204F8F7500023383 /* Build configuration list for PBXProject "GamerMatch" */ = {
			isa = XCConfigurationList;
			buildConfigurations = (
				07E586BB204F8F7600023383 /* Debug */,
				07E586BC204F8F7600023383 /* Release */,
			);
			defaultConfigurationIsVisible = 0;
			defaultConfigurationName = Release;
		};
		07E586BD204F8F7600023383 /* Build configuration list for PBXNativeTarget "GamerMatch" */ = {
			isa = XCConfigurationList;
			buildConfigurations = (
				07E586BE204F8F7600023383 /* Debug */,
				07E586BF204F8F7600023383 /* Release */,
			);
			defaultConfigurationIsVisible = 0;
			defaultConfigurationName = Release;
		};
/* End XCConfigurationList section */
	};
	rootObject = 07E586A3204F8F7500023383 /* Project object */;
}
